
Microsoft Visual Studio Solution File, Format Version 12.00
# Visual Studio Version 17
VisualStudioVersion = 17.6.33723.286
MinimumVisualStudioVersion = 10.0.40219.1
Project("{9A19103F-16F7-4668-BE54-9A1E7A4F7556}") = "TranslateParser", "TranslateParser\TranslateParser.csproj", "{9D13C095-737D-46AE-A975-17F08A883BBB}"
	ProjectSection(ProjectDependencies) = postProject
		{B5C89EBA-77A8-47EF-8A9F-EA8B12178AAD} = {B5C89EBA-77A8-47EF-8A9F-EA8B12178AAD}
	EndProjectSection
EndProject
Project("{8BC9CEB8-8B4A-11D0-8D11-00A0C91BC942}") = "LemonParserGenerator", "LemonParserGenerator\LemonParserGenerator.vcxproj", "{B5C89EBA-77A8-47EF-8A9F-EA8B12178AAD}"
EndProject
Project("{9A19103F-16F7-4668-BE54-9A1E7A4F7556}") = "Snobol4", "Snobol4\Snobol4.csproj", "{9DB7A21A-04CB-4E96-9C7D-29571149F1D7}"
	ProjectSection(ProjectDependencies) = postProject
		{9D13C095-737D-46AE-A975-17F08A883BBB} = {9D13C095-737D-46AE-A975-17F08A883BBB}
		{B5C89EBA-77A8-47EF-8A9F-EA8B12178AAD} = {B5C89EBA-77A8-47EF-8A9F-EA8B12178AAD}
	EndProjectSection
EndProject
Project("{9A19103F-16F7-4668-BE54-9A1E7A4F7556}") = "TestInteractive", "TestInteractive\TestInteractive.csproj", "{DD01670A-19CA-4916-9238-F54E506FA423}"
EndProject
Project("{9A19103F-16F7-4668-BE54-9A1E7A4F7556}") = "Sandbox", "Sandbox\Sandbox.csproj", "{33CBCCD5-0A13-4157-BAF2-C72815045A4D}"
EndProject
Project("{9A19103F-16F7-4668-BE54-9A1E7A4F7556}") = "TestLexer", "TestLexer\TestLexer.csproj", "{56BEB327-7F55-4B2B-8326-F8D4C8AB41F9}"
EndProject
Project("{FAE04EC0-301F-11D3-BF4B-00C04F79EFBC}") = "TestCases", "TestCases\TestCases.csproj", "{2B98732B-C031-42AA-B072-C28E8E688F68}"
EndProject
Global
	GlobalSection(SolutionConfigurationPlatforms) = preSolution
		Debug|Any CPU = Debug|Any CPU
		Debug|x64 = Debug|x64
		Debug|x86 = Debug|x86
		Release|Any CPU = Release|Any CPU
		Release|x64 = Release|x64
		Release|x86 = Release|x86
	EndGlobalSection
	GlobalSection(ProjectConfigurationPlatforms) = postSolution
		{9D13C095-737D-46AE-A975-17F08A883BBB}.Debug|Any CPU.ActiveCfg = Debug|Any CPU
		{9D13C095-737D-46AE-A975-17F08A883BBB}.Debug|Any CPU.Build.0 = Debug|Any CPU
		{9D13C095-737D-46AE-A975-17F08A883BBB}.Debug|x64.ActiveCfg = Debug|Any CPU
		{9D13C095-737D-46AE-A975-17F08A883BBB}.Debug|x64.Build.0 = Debug|Any CPU
		{9D13C095-737D-46AE-A975-17F08A883BBB}.Debug|x86.ActiveCfg = Debug|Any CPU
		{9D13C095-737D-46AE-A975-17F08A883BBB}.Debug|x86.Build.0 = Debug|Any CPU
		{9D13C095-737D-46AE-A975-17F08A883BBB}.Release|Any CPU.ActiveCfg = Release|Any CPU
		{9D13C095-737D-46AE-A975-17F08A883BBB}.Release|Any CPU.Build.0 = Release|Any CPU
		{9D13C095-737D-46AE-A975-17F08A883BBB}.Release|x64.ActiveCfg = Release|Any CPU
		{9D13C095-737D-46AE-A975-17F08A883BBB}.Release|x64.Build.0 = Release|Any CPU
		{9D13C095-737D-46AE-A975-17F08A883BBB}.Release|x86.ActiveCfg = Release|Any CPU
		{9D13C095-737D-46AE-A975-17F08A883BBB}.Release|x86.Build.0 = Release|Any CPU
		{B5C89EBA-77A8-47EF-8A9F-EA8B12178AAD}.Debug|Any CPU.ActiveCfg = Debug|x64
		{B5C89EBA-77A8-47EF-8A9F-EA8B12178AAD}.Debug|Any CPU.Build.0 = Debug|x64
		{B5C89EBA-77A8-47EF-8A9F-EA8B12178AAD}.Debug|x64.ActiveCfg = Debug|x64
		{B5C89EBA-77A8-47EF-8A9F-EA8B12178AAD}.Debug|x64.Build.0 = Debug|x64
		{B5C89EBA-77A8-47EF-8A9F-EA8B12178AAD}.Debug|x86.ActiveCfg = Debug|Win32
		{B5C89EBA-77A8-47EF-8A9F-EA8B12178AAD}.Debug|x86.Build.0 = Debug|Win32
		{B5C89EBA-77A8-47EF-8A9F-EA8B12178AAD}.Release|Any CPU.ActiveCfg = Release|x64
		{B5C89EBA-77A8-47EF-8A9F-EA8B12178AAD}.Release|Any CPU.Build.0 = Release|x64
		{B5C89EBA-77A8-47EF-8A9F-EA8B12178AAD}.Release|x64.ActiveCfg = Release|x64
		{B5C89EBA-77A8-47EF-8A9F-EA8B12178AAD}.Release|x64.Build.0 = Release|x64
		{B5C89EBA-77A8-47EF-8A9F-EA8B12178AAD}.Release|x86.ActiveCfg = Release|Win32
		{B5C89EBA-77A8-47EF-8A9F-EA8B12178AAD}.Release|x86.Build.0 = Release|Win32
		{9DB7A21A-04CB-4E96-9C7D-29571149F1D7}.Debug|Any CPU.ActiveCfg = Debug|Any CPU
		{9DB7A21A-04CB-4E96-9C7D-29571149F1D7}.Debug|Any CPU.Build.0 = Debug|Any CPU
		{9DB7A21A-04CB-4E96-9C7D-29571149F1D7}.Debug|x64.ActiveCfg = Debug|Any CPU
		{9DB7A21A-04CB-4E96-9C7D-29571149F1D7}.Debug|x64.Build.0 = Debug|Any CPU
		{9DB7A21A-04CB-4E96-9C7D-29571149F1D7}.Debug|x86.ActiveCfg = Debug|Any CPU
		{9DB7A21A-04CB-4E96-9C7D-29571149F1D7}.Debug|x86.Build.0 = Debug|Any CPU
		{9DB7A21A-04CB-4E96-9C7D-29571149F1D7}.Release|Any CPU.ActiveCfg = Release|Any CPU
		{9DB7A21A-04CB-4E96-9C7D-29571149F1D7}.Release|Any CPU.Build.0 = Release|Any CPU
		{9DB7A21A-04CB-4E96-9C7D-29571149F1D7}.Release|x64.ActiveCfg = Release|Any CPU
		{9DB7A21A-04CB-4E96-9C7D-29571149F1D7}.Release|x64.Build.0 = Release|Any CPU
		{9DB7A21A-04CB-4E96-9C7D-29571149F1D7}.Release|x86.ActiveCfg = Release|Any CPU
		{9DB7A21A-04CB-4E96-9C7D-29571149F1D7}.Release|x86.Build.0 = Release|Any CPU
		{DD01670A-19CA-4916-9238-F54E506FA423}.Debug|Any CPU.ActiveCfg = Debug|Any CPU
		{DD01670A-19CA-4916-9238-F54E506FA423}.Debug|Any CPU.Build.0 = Debug|Any CPU
		{DD01670A-19CA-4916-9238-F54E506FA423}.Debug|x64.ActiveCfg = Debug|Any CPU
		{DD01670A-19CA-4916-9238-F54E506FA423}.Debug|x64.Build.0 = Debug|Any CPU
		{DD01670A-19CA-4916-9238-F54E506FA423}.Debug|x86.ActiveCfg = Debug|Any CPU
		{DD01670A-19CA-4916-9238-F54E506FA423}.Debug|x86.Build.0 = Debug|Any CPU
		{DD01670A-19CA-4916-9238-F54E506FA423}.Release|Any CPU.ActiveCfg = Release|Any CPU
		{DD01670A-19CA-4916-9238-F54E506FA423}.Release|Any CPU.Build.0 = Release|Any CPU
		{DD01670A-19CA-4916-9238-F54E506FA423}.Release|x64.ActiveCfg = Release|Any CPU
		{DD01670A-19CA-4916-9238-F54E506FA423}.Release|x64.Build.0 = Release|Any CPU
		{DD01670A-19CA-4916-9238-F54E506FA423}.Release|x86.ActiveCfg = Release|Any CPU
		{DD01670A-19CA-4916-9238-F54E506FA423}.Release|x86.Build.0 = Release|Any CPU
		{33CBCCD5-0A13-4157-BAF2-C72815045A4D}.Debug|Any CPU.ActiveCfg = Debug|Any CPU
		{33CBCCD5-0A13-4157-BAF2-C72815045A4D}.Debug|Any CPU.Build.0 = Debug|Any CPU
		{33CBCCD5-0A13-4157-BAF2-C72815045A4D}.Debug|x64.ActiveCfg = Debug|Any CPU
		{33CBCCD5-0A13-4157-BAF2-C72815045A4D}.Debug|x64.Build.0 = Debug|Any CPU
		{33CBCCD5-0A13-4157-BAF2-C72815045A4D}.Debug|x86.ActiveCfg = Debug|Any CPU
		{33CBCCD5-0A13-4157-BAF2-C72815045A4D}.Debug|x86.Build.0 = Debug|Any CPU
		{33CBCCD5-0A13-4157-BAF2-C72815045A4D}.Release|Any CPU.ActiveCfg = Release|Any CPU
		{33CBCCD5-0A13-4157-BAF2-C72815045A4D}.Release|Any CPU.Build.0 = Release|Any CPU
		{33CBCCD5-0A13-4157-BAF2-C72815045A4D}.Release|x64.ActiveCfg = Release|Any CPU
		{33CBCCD5-0A13-4157-BAF2-C72815045A4D}.Release|x64.Build.0 = Release|Any CPU
		{33CBCCD5-0A13-4157-BAF2-C72815045A4D}.Release|x86.ActiveCfg = Release|Any CPU
		{33CBCCD5-0A13-4157-BAF2-C72815045A4D}.Release|x86.Build.0 = Release|Any CPU
		{56BEB327-7F55-4B2B-8326-F8D4C8AB41F9}.Debug|Any CPU.ActiveCfg = Debug|Any CPU
		{56BEB327-7F55-4B2B-8326-F8D4C8AB41F9}.Debug|Any CPU.Build.0 = Debug|Any CPU
		{56BEB327-7F55-4B2B-8326-F8D4C8AB41F9}.Debug|x64.ActiveCfg = Debug|Any CPU
		{56BEB327-7F55-4B2B-8326-F8D4C8AB41F9}.Debug|x64.Build.0 = Debug|Any CPU
		{56BEB327-7F55-4B2B-8326-F8D4C8AB41F9}.Debug|x86.ActiveCfg = Debug|Any CPU
		{56BEB327-7F55-4B2B-8326-F8D4C8AB41F9}.Debug|x86.Build.0 = Debug|Any CPU
		{56BEB327-7F55-4B2B-8326-F8D4C8AB41F9}.Release|Any CPU.ActiveCfg = Release|Any CPU
		{56BEB327-7F55-4B2B-8326-F8D4C8AB41F9}.Release|Any CPU.Build.0 = Release|Any CPU
		{56BEB327-7F55-4B2B-8326-F8D4C8AB41F9}.Release|x64.ActiveCfg = Release|Any CPU
		{56BEB327-7F55-4B2B-8326-F8D4C8AB41F9}.Release|x64.Build.0 = Release|Any CPU
		{56BEB327-7F55-4B2B-8326-F8D4C8AB41F9}.Release|x86.ActiveCfg = Release|Any CPU
		{56BEB327-7F55-4B2B-8326-F8D4C8AB41F9}.Release|x86.Build.0 = Release|Any CPU
		{2B98732B-C031-42AA-B072-C28E8E688F68}.Debug|Any CPU.ActiveCfg = Debug|Any CPU
		{2B98732B-C031-42AA-B072-C28E8E688F68}.Debug|Any CPU.Build.0 = Debug|Any CPU
		{2B98732B-C031-42AA-B072-C28E8E688F68}.Debug|x64.ActiveCfg = Debug|Any CPU
		{2B98732B-C031-42AA-B072-C28E8E688F68}.Debug|x64.Build.0 = Debug|Any CPU
		{2B98732B-C031-42AA-B072-C28E8E688F68}.Debug|x86.ActiveCfg = Debug|Any CPU
		{2B98732B-C031-42AA-B072-C28E8E688F68}.Debug|x86.Build.0 = Debug|Any CPU
		{2B98732B-C031-42AA-B072-C28E8E688F68}.Release|Any CPU.ActiveCfg = Release|Any CPU
		{2B98732B-C031-42AA-B072-C28E8E688F68}.Release|Any CPU.Build.0 = Release|Any CPU
		{2B98732B-C031-42AA-B072-C28E8E688F68}.Release|x64.ActiveCfg = Release|Any CPU
		{2B98732B-C031-42AA-B072-C28E8E688F68}.Release|x64.Build.0 = Release|Any CPU
		{2B98732B-C031-42AA-B072-C28E8E688F68}.Release|x86.ActiveCfg = Release|Any CPU
		{2B98732B-C031-42AA-B072-C28E8E688F68}.Release|x86.Build.0 = Release|Any CPU
	EndGlobalSection
	GlobalSection(SolutionProperties) = preSolution
		HideSolutionNode = FALSE
	EndGlobalSection
	GlobalSection(ExtensibilityGlobals) = postSolution
		SolutionGuid = {BD9F1786-EB7A-41A4-A567-3FFB696BAC57}
	EndGlobalSection
EndGlobal
